
Microsoft Visual Studio Solution File, Format Version 12.00
# Visual Studio Version 16
VisualStudioVersion = 16.0.29411.108
MinimumVisualStudioVersion = 10.0.40219.1
Project("{888888A0-9F3D-457C-B088-3A5042F75D52}") = "homework1", "etf_mu_homework\homework1\homework1.pyproj", "{37AAEDD2-555A-48D2-A32C-45E50F09843F}"
EndProject
Project("{888888A0-9F3D-457C-B088-3A5042F75D52}") = "MachineLearningPython", "vs\MachineLearningPython.pyproj", "{42A27DDA-2C48-4A28-837A-69F2EE551651}"
EndProject
Global
	GlobalSection(SolutionConfigurationPlatforms) = preSolution
		Debug|Any CPU = Debug|Any CPU
		Release|Any CPU = Release|Any CPU
	EndGlobalSection
	GlobalSection(ProjectConfigurationPlatforms) = postSolution
		{37AAEDD2-555A-48D2-A32C-45E50F09843F}.Debug|Any CPU.ActiveCfg = Debug|Any CPU
		{37AAEDD2-555A-48D2-A32C-45E50F09843F}.Release|Any CPU.ActiveCfg = Release|Any CPU
		{42A27DDA-2C48-4A28-837A-69F2EE551651}.Debug|Any CPU.ActiveCfg = Debug|Any CPU
		{42A27DDA-2C48-4A28-837A-69F2EE551651}.Release|Any CPU.ActiveCfg = Release|Any CPU
	EndGlobalSection
	GlobalSection(SolutionProperties) = preSolution
		HideSolutionNode = FALSE
	EndGlobalSection
	GlobalSection(ExtensibilityGlobals) = postSolution
		SolutionGuid = {3EE3232F-4E05-498E-9B25-FAC3A996F672}
	EndGlobalSection
EndGlobal
